
Microsoft Visual Studio Solution File, Format Version 12.00
# Visual Studio Version 17
VisualStudioVersion = 17.5.002.0
MinimumVisualStudioVersion = 10.0.40219.1
Project("{9A19103F-16F7-4668-BE54-9A1E7A4F7556}") = "Lektionfyra", "Lektionfyra\Lektionfyra.csproj", "{9860FF22-579E-4CF7-80E5-B49C542FCD14}"
EndProject
Global
	GlobalSection(SolutionConfigurationPlatforms) = preSolution
		Debug|Any CPU = Debug|Any CPU
		Release|Any CPU = Release|Any CPU
	EndGlobalSection
	GlobalSection(ProjectConfigurationPlatforms) = postSolution
		{9860FF22-579E-4CF7-80E5-B49C542FCD14}.Debug|Any CPU.ActiveCfg = Debug|Any CPU
		{9860FF22-579E-4CF7-80E5-B49C542FCD14}.Debug|Any CPU.Build.0 = Debug|Any CPU
		{9860FF22-579E-4CF7-80E5-B49C542FCD14}.Release|Any CPU.ActiveCfg = Release|Any CPU
		{9860FF22-579E-4CF7-80E5-B49C542FCD14}.Release|Any CPU.Build.0 = Release|Any CPU
	EndGlobalSection
	GlobalSection(SolutionProperties) = preSolution
		HideSolutionNode = FALSE
	EndGlobalSection
	GlobalSection(ExtensibilityGlobals) = postSolution
		SolutionGuid = {A1305350-D8ED-4DDD-BF2A-790803873831}
	EndGlobalSection
EndGlobal
